
Microsoft Visual Studio Solution File, Format Version 12.00
# Visual Studio Version 17
VisualStudioVersion = 17.6.33723.286
MinimumVisualStudioVersion = 10.0.40219.1
Project("{888888A0-9F3D-457C-B088-3A5042F75D52}") = "6.2", "6.2.pyproj", "{4D36756E-B4A6-4777-A64B-D99DEC52DD38}"
EndProject
Global
	GlobalSection(SolutionConfigurationPlatforms) = preSolution
		Debug|Any CPU = Debug|Any CPU
		Release|Any CPU = Release|Any CPU
	EndGlobalSection
	GlobalSection(ProjectConfigurationPlatforms) = postSolution
		{4D36756E-B4A6-4777-A64B-D99DEC52DD38}.Debug|Any CPU.ActiveCfg = Debug|Any CPU
		{4D36756E-B4A6-4777-A64B-D99DEC52DD38}.Release|Any CPU.ActiveCfg = Release|Any CPU
	EndGlobalSection
	GlobalSection(SolutionProperties) = preSolution
		HideSolutionNode = FALSE
	EndGlobalSection
	GlobalSection(ExtensibilityGlobals) = postSolution
		SolutionGuid = {DFD65AD0-8060-423B-9242-C391AC916285}
	EndGlobalSection
EndGlobal
